
Microsoft Visual Studio Solution File, Format Version 12.00
# Visual Studio Version 17
VisualStudioVersion = 17.2.32616.157
MinimumVisualStudioVersion = 10.0.40219.1
Project("{FAE04EC0-301F-11D3-BF4B-00C04F79EFBC}") = "ObjectsFall.UWP", "ObjectsFall\ObjectsFall.UWP\ObjectsFall.UWP.csproj", "{32B763E9-EEC3-496A-ADC4-A20B1025A76A}"
EndProject
Project("{FAE04EC0-301F-11D3-BF4B-00C04F79EFBC}") = "ObjectsFall.Android", "ObjectsFall\ObjectsFall.Android\ObjectsFall.Android.csproj", "{14CDD382-0378-43AE-8216-D400D14ECF5C}"
EndProject
Project("{FAE04EC0-301F-11D3-BF4B-00C04F79EFBC}") = "ObjectsFall.iOS", "ObjectsFall\ObjectsFall.iOS\ObjectsFall.iOS.csproj", "{6CA63713-2487-4B7B-BB2D-546EA87795A9}"
EndProject
Project("{FAE04EC0-301F-11D3-BF4B-00C04F79EFBC}") = "ObjectsFall", "ObjectsFall\ObjectsFall\ObjectsFall.csproj", "{DBF28517-4DA3-4835-B29D-DA4B5ADA219B}"
EndProject
Global
	GlobalSection(SolutionConfigurationPlatforms) = preSolution
		Debug|Any CPU = Debug|Any CPU
		Debug|ARM = Debug|ARM
		Debug|iPhone = Debug|iPhone
		Debug|iPhoneSimulator = Debug|iPhoneSimulator
		Debug|x64 = Debug|x64
		Debug|x86 = Debug|x86
		Release|Any CPU = Release|Any CPU
		Release|ARM = Release|ARM
		Release|iPhone = Release|iPhone
		Release|iPhoneSimulator = Release|iPhoneSimulator
		Release|x64 = Release|x64
		Release|x86 = Release|x86
	EndGlobalSection
	GlobalSection(ProjectConfigurationPlatforms) = postSolution
		{32B763E9-EEC3-496A-ADC4-A20B1025A76A}.Debug|Any CPU.ActiveCfg = Debug|x64
		{32B763E9-EEC3-496A-ADC4-A20B1025A76A}.Debug|Any CPU.Build.0 = Debug|x64
		{32B763E9-EEC3-496A-ADC4-A20B1025A76A}.Debug|Any CPU.Deploy.0 = Debug|x64
		{32B763E9-EEC3-496A-ADC4-A20B1025A76A}.Debug|ARM.ActiveCfg = Debug|ARM
		{32B763E9-EEC3-496A-ADC4-A20B1025A76A}.Debug|ARM.Build.0 = Debug|ARM
		{32B763E9-EEC3-496A-ADC4-A20B1025A76A}.Debug|ARM.Deploy.0 = Debug|ARM
		{32B763E9-EEC3-496A-ADC4-A20B1025A76A}.Debug|iPhone.ActiveCfg = Debug|x64
		{32B763E9-EEC3-496A-ADC4-A20B1025A76A}.Debug|iPhone.Build.0 = Debug|x64
		{32B763E9-EEC3-496A-ADC4-A20B1025A76A}.Debug|iPhone.Deploy.0 = Debug|x64
		{32B763E9-EEC3-496A-ADC4-A20B1025A76A}.Debug|iPhoneSimulator.ActiveCfg = Debug|x64
		{32B763E9-EEC3-496A-ADC4-A20B1025A76A}.Debug|iPhoneSimulator.Build.0 = Debug|x64
		{32B763E9-EEC3-496A-ADC4-A20B1025A76A}.Debug|iPhoneSimulator.Deploy.0 = Debug|x64
		{32B763E9-EEC3-496A-ADC4-A20B1025A76A}.Debug|x64.ActiveCfg = Debug|x64
		{32B763E9-EEC3-496A-ADC4-A20B1025A76A}.Debug|x64.Build.0 = Debug|x64
		{32B763E9-EEC3-496A-ADC4-A20B1025A76A}.Debug|x64.Deploy.0 = Debug|x64
		{32B763E9-EEC3-496A-ADC4-A20B1025A76A}.Debug|x86.ActiveCfg = Debug|x86
		{32B763E9-EEC3-496A-ADC4-A20B1025A76A}.Debug|x86.Build.0 = Debug|x86
		{32B763E9-EEC3-496A-ADC4-A20B1025A76A}.Debug|x86.Deploy.0 = Debug|x86
		{32B763E9-EEC3-496A-ADC4-A20B1025A76A}.Release|Any CPU.ActiveCfg = Release|x64
		{32B763E9-EEC3-496A-ADC4-A20B1025A76A}.Release|Any CPU.Build.0 = Release|x64
		{32B763E9-EEC3-496A-ADC4-A20B1025A76A}.Release|Any CPU.Deploy.0 = Release|x64
		{32B763E9-EEC3-496A-ADC4-A20B1025A76A}.Release|ARM.ActiveCfg = Release|ARM
		{32B763E9-EEC3-496A-ADC4-A20B1025A76A}.Release|ARM.Build.0 = Release|ARM
		{32B763E9-EEC3-496A-ADC4-A20B1025A76A}.Release|ARM.Deploy.0 = Release|ARM
		{32B763E9-EEC3-496A-ADC4-A20B1025A76A}.Release|iPhone.ActiveCfg = Release|x64
		{32B763E9-EEC3-496A-ADC4-A20B1025A76A}.Release|iPhone.Build.0 = Release|x64
		{32B763E9-EEC3-496A-ADC4-A20B1025A76A}.Release|iPhone.Deploy.0 = Release|x64
		{32B763E9-EEC3-496A-ADC4-A20B1025A76A}.Release|iPhoneSimulator.ActiveCfg = Release|x64
		{32B763E9-EEC3-496A-ADC4-A20B1025A76A}.Release|iPhoneSimulator.Build.0 = Release|x64
		{32B763E9-EEC3-496A-ADC4-A20B1025A76A}.Release|iPhoneSimulator.Deploy.0 = Release|x64
		{32B763E9-EEC3-496A-ADC4-A20B1025A76A}.Release|x64.ActiveCfg = Release|x64
		{32B763E9-EEC3-496A-ADC4-A20B1025A76A}.Release|x64.Build.0 = Release|x64
		{32B763E9-EEC3-496A-ADC4-A20B1025A76A}.Release|x64.Deploy.0 = Release|x64
		{32B763E9-EEC3-496A-ADC4-A20B1025A76A}.Release|x86.ActiveCfg = Release|x86
		{32B763E9-EEC3-496A-ADC4-A20B1025A76A}.Release|x86.Build.0 = Release|x86
		{32B763E9-EEC3-496A-ADC4-A20B1025A76A}.Release|x86.Deploy.0 = Release|x86
		{14CDD382-0378-43AE-8216-D400D14ECF5C}.Debug|Any CPU.ActiveCfg = Debug|Any CPU
		{14CDD382-0378-43AE-8216-D400D14ECF5C}.Debug|Any CPU.Build.0 = Debug|Any CPU
		{14CDD382-0378-43AE-8216-D400D14ECF5C}.Debug|Any CPU.Deploy.0 = Debug|Any CPU
		{14CDD382-0378-43AE-8216-D400D14ECF5C}.Debug|ARM.ActiveCfg = Debug|Any CPU
		{14CDD382-0378-43AE-8216-D400D14ECF5C}.Debug|ARM.Build.0 = Debug|Any CPU
		{14CDD382-0378-43AE-8216-D400D14ECF5C}.Debug|ARM.Deploy.0 = Debug|Any CPU
		{14CDD382-0378-43AE-8216-D400D14ECF5C}.Debug|iPhone.ActiveCfg = Debug|Any CPU
		{14CDD382-0378-43AE-8216-D400D14ECF5C}.Debug|iPhone.Build.0 = Debug|Any CPU
		{14CDD382-0378-43AE-8216-D400D14ECF5C}.Debug|iPhone.Deploy.0 = Debug|Any CPU
		{14CDD382-0378-43AE-8216-D400D14ECF5C}.Debug|iPhoneSimulator.ActiveCfg = Debug|Any CPU
		{14CDD382-0378-43AE-8216-D400D14ECF5C}.Debug|iPhoneSimulator.Build.0 = Debug|Any CPU
		{14CDD382-0378-43AE-8216-D400D14ECF5C}.Debug|iPhoneSimulator.Deploy.0 = Debug|Any CPU
		{14CDD382-0378-43AE-8216-D400D14ECF5C}.Debug|x64.ActiveCfg = Debug|Any CPU
		{14CDD382-0378-43AE-8216-D400D14ECF5C}.Debug|x64.Build.0 = Debug|Any CPU
		{14CDD382-0378-43AE-8216-D400D14ECF5C}.Debug|x64.Deploy.0 = Debug|Any CPU
		{14CDD382-0378-43AE-8216-D400D14ECF5C}.Debug|x86.ActiveCfg = Debug|Any CPU
		{14CDD382-0378-43AE-8216-D400D14ECF5C}.Debug|x86.Build.0 = Debug|Any CPU
		{14CDD382-0378-43AE-8216-D400D14ECF5C}.Debug|x86.Deploy.0 = Debug|Any CPU
		{14CDD382-0378-43AE-8216-D400D14ECF5C}.Release|Any CPU.ActiveCfg = Release|Any CPU
		{14CDD382-0378-43AE-8216-D400D14ECF5C}.Release|Any CPU.Build.0 = Release|Any CPU
		{14CDD382-0378-43AE-8216-D400D14ECF5C}.Release|Any CPU.Deploy.0 = Release|Any CPU
		{14CDD382-0378-43AE-8216-D400D14ECF5C}.Release|ARM.ActiveCfg = Release|Any CPU
		{14CDD382-0378-43AE-8216-D400D14ECF5C}.Release|ARM.Build.0 = Release|Any CPU
		{14CDD382-0378-43AE-8216-D400D14ECF5C}.Release|ARM.Deploy.0 = Release|Any CPU
		{14CDD382-0378-43AE-8216-D400D14ECF5C}.Release|iPhone.ActiveCfg = Release|Any CPU
		{14CDD382-0378-43AE-8216-D400D14ECF5C}.Release|iPhone.Build.0 = Release|Any CPU
		{14CDD382-0378-43AE-8216-D400D14ECF5C}.Release|iPhone.Deploy.0 = Release|Any CPU
		{14CDD382-0378-43AE-8216-D400D14ECF5C}.Release|iPhoneSimulator.ActiveCfg = Release|Any CPU
		{14CDD382-0378-43AE-8216-D400D14ECF5C}.Release|iPhoneSimulator.Build.0 = Release|Any CPU
		{14CDD382-0378-43AE-8216-D400D14ECF5C}.Release|iPhoneSimulator.Deploy.0 = Release|Any CPU
		{14CDD382-0378-43AE-8216-D400D14ECF5C}.Release|x64.ActiveCfg = Release|Any CPU
		{14CDD382-0378-43AE-8216-D400D14ECF5C}.Release|x64.Build.0 = Release|Any CPU
		{14CDD382-0378-43AE-8216-D400D14ECF5C}.Release|x64.Deploy.0 = Release|Any CPU
		{14CDD382-0378-43AE-8216-D400D14ECF5C}.Release|x86.ActiveCfg = Release|Any CPU
		{14CDD382-0378-43AE-8216-D400D14ECF5C}.Release|x86.Build.0 = Release|Any CPU
		{14CDD382-0378-43AE-8216-D400D14ECF5C}.Release|x86.Deploy.0 = Release|Any CPU
		{6CA63713-2487-4B7B-BB2D-546EA87795A9}.Debug|Any CPU.ActiveCfg = Debug|iPhoneSimulator
		{6CA63713-2487-4B7B-BB2D-546EA87795A9}.Debug|Any CPU.Build.0 = Debug|iPhoneSimulator
		{6CA63713-2487-4B7B-BB2D-546EA87795A9}.Debug|Any CPU.Deploy.0 = Debug|iPhoneSimulator
		{6CA63713-2487-4B7B-BB2D-546EA87795A9}.Debug|ARM.ActiveCfg = Debug|iPhoneSimulator
		{6CA63713-2487-4B7B-BB2D-546EA87795A9}.Debug|ARM.Build.0 = Debug|iPhoneSimulator
		{6CA63713-2487-4B7B-BB2D-546EA87795A9}.Debug|ARM.Deploy.0 = Debug|iPhoneSimulator
		{6CA63713-2487-4B7B-BB2D-546EA87795A9}.Debug|iPhone.ActiveCfg = Debug|iPhone
		{6CA63713-2487-4B7B-BB2D-546EA87795A9}.Debug|iPhone.Build.0 = Debug|iPhone
		{6CA63713-2487-4B7B-BB2D-546EA87795A9}.Debug|iPhone.Deploy.0 = Debug|iPhone
		{6CA63713-2487-4B7B-BB2D-546EA87795A9}.Debug|iPhoneSimulator.ActiveCfg = Debug|iPhoneSimulator
		{6CA63713-2487-4B7B-BB2D-546EA87795A9}.Debug|iPhoneSimulator.Build.0 = Debug|iPhoneSimulator
		{6CA63713-2487-4B7B-BB2D-546EA87795A9}.Debug|iPhoneSimulator.Deploy.0 = Debug|iPhoneSimulator
		{6CA63713-2487-4B7B-BB2D-546EA87795A9}.Debug|x64.ActiveCfg = Debug|iPhone
		{6CA63713-2487-4B7B-BB2D-546EA87795A9}.Debug|x64.Build.0 = Debug|iPhone
		{6CA63713-2487-4B7B-BB2D-546EA87795A9}.Debug|x64.Deploy.0 = Debug|iPhone
		{6CA63713-2487-4B7B-BB2D-546EA87795A9}.Debug|x86.ActiveCfg = Debug|iPhoneSimulator
		{6CA63713-2487-4B7B-BB2D-546EA87795A9}.Debug|x86.Build.0 = Debug|iPhoneSimulator
		{6CA63713-2487-4B7B-BB2D-546EA87795A9}.Debug|x86.Deploy.0 = Debug|iPhoneSimulator
		{6CA63713-2487-4B7B-BB2D-546EA87795A9}.Release|Any CPU.ActiveCfg = Release|iPhoneSimulator
		{6CA63713-2487-4B7B-BB2D-546EA87795A9}.Release|Any CPU.Build.0 = Release|iPhoneSimulator
		{6CA63713-2487-4B7B-BB2D-546EA87795A9}.Release|Any CPU.Deploy.0 = Release|iPhoneSimulator
		{6CA63713-2487-4B7B-BB2D-546EA87795A9}.Release|ARM.ActiveCfg = Release|iPhoneSimulator
		{6CA63713-2487-4B7B-BB2D-546EA87795A9}.Release|ARM.Build.0 = Release|iPhoneSimulator
		{6CA63713-2487-4B7B-BB2D-546EA87795A9}.Release|ARM.Deploy.0 = Release|iPhoneSimulator
		{6CA63713-2487-4B7B-BB2D-546EA87795A9}.Release|iPhone.ActiveCfg = Release|iPhone
		{6CA63713-2487-4B7B-BB2D-546EA87795A9}.Release|iPhone.Build.0 = Release|iPhone
		{6CA63713-2487-4B7B-BB2D-546EA87795A9}.Release|iPhone.Deploy.0 = Release|iPhone
		{6CA63713-2487-4B7B-BB2D-546EA87795A9}.Release|iPhoneSimulator.ActiveCfg = Release|iPhoneSimulator
		{6CA63713-2487-4B7B-BB2D-546EA87795A9}.Release|iPhoneSimulator.Build.0 = Release|iPhoneSimulator
		{6CA63713-2487-4B7B-BB2D-546EA87795A9}.Release|iPhoneSimulator.Deploy.0 = Release|iPhoneSimulator
		{6CA63713-2487-4B7B-BB2D-546EA87795A9}.Release|x64.ActiveCfg = Release|iPhoneSimulator
		{6CA63713-2487-4B7B-BB2D-546EA87795A9}.Release|x64.Build.0 = Release|iPhoneSimulator
		{6CA63713-2487-4B7B-BB2D-546EA87795A9}.Release|x64.Deploy.0 = Release|iPhoneSimulator
		{6CA63713-2487-4B7B-BB2D-546EA87795A9}.Release|x86.ActiveCfg = Release|iPhoneSimulator
		{6CA63713-2487-4B7B-BB2D-546EA87795A9}.Release|x86.Build.0 = Release|iPhoneSimulator
		{6CA63713-2487-4B7B-BB2D-546EA87795A9}.Release|x86.Deploy.0 = Release|iPhoneSimulator
		{DBF28517-4DA3-4835-B29D-DA4B5ADA219B}.Debug|Any CPU.ActiveCfg = Debug|Any CPU
		{DBF28517-4DA3-4835-B29D-DA4B5ADA219B}.Debug|Any CPU.Build.0 = Debug|Any CPU
		{DBF28517-4DA3-4835-B29D-DA4B5ADA219B}.Debug|Any CPU.Deploy.0 = Debug|Any CPU
		{DBF28517-4DA3-4835-B29D-DA4B5ADA219B}.Debug|ARM.ActiveCfg = Debug|Any CPU
		{DBF28517-4DA3-4835-B29D-DA4B5ADA219B}.Debug|ARM.Build.0 = Debug|Any CPU
		{DBF28517-4DA3-4835-B29D-DA4B5ADA219B}.Debug|ARM.Deploy.0 = Debug|Any CPU
		{DBF28517-4DA3-4835-B29D-DA4B5ADA219B}.Debug|iPhone.ActiveCfg = Debug|Any CPU
		{DBF28517-4DA3-4835-B29D-DA4B5ADA219B}.Debug|iPhone.Build.0 = Debug|Any CPU
		{DBF28517-4DA3-4835-B29D-DA4B5ADA219B}.Debug|iPhone.Deploy.0 = Debug|Any CPU
		{DBF28517-4DA3-4835-B29D-DA4B5ADA219B}.Debug|iPhoneSimulator.ActiveCfg = Debug|Any CPU
		{DBF28517-4DA3-4835-B29D-DA4B5ADA219B}.Debug|iPhoneSimulator.Build.0 = Debug|Any CPU
		{DBF28517-4DA3-4835-B29D-DA4B5ADA219B}.Debug|iPhoneSimulator.Deploy.0 = Debug|Any CPU
		{DBF28517-4DA3-4835-B29D-DA4B5ADA219B}.Debug|x64.ActiveCfg = Debug|Any CPU
		{DBF28517-4DA3-4835-B29D-DA4B5ADA219B}.Debug|x64.Build.0 = Debug|Any CPU
		{DBF28517-4DA3-4835-B29D-DA4B5ADA219B}.Debug|x64.Deploy.0 = Debug|Any CPU
		{DBF28517-4DA3-4835-B29D-DA4B5ADA219B}.Debug|x86.ActiveCfg = Debug|Any CPU
		{DBF28517-4DA3-4835-B29D-DA4B5ADA219B}.Debug|x86.Build.0 = Debug|Any CPU
		{DBF28517-4DA3-4835-B29D-DA4B5ADA219B}.Debug|x86.Deploy.0 = Debug|Any CPU
		{DBF28517-4DA3-4835-B29D-DA4B5ADA219B}.Release|Any CPU.ActiveCfg = Release|Any CPU
		{DBF28517-4DA3-4835-B29D-DA4B5ADA219B}.Release|Any CPU.Build.0 = Release|Any CPU
		{DBF28517-4DA3-4835-B29D-DA4B5ADA219B}.Release|Any CPU.Deploy.0 = Release|Any CPU
		{DBF28517-4DA3-4835-B29D-DA4B5ADA219B}.Release|ARM.ActiveCfg = Release|Any CPU
		{DBF28517-4DA3-4835-B29D-DA4B5ADA219B}.Release|ARM.Build.0 = Release|Any CPU
		{DBF28517-4DA3-4835-B29D-DA4B5ADA219B}.Release|ARM.Deploy.0 = Release|Any CPU
		{DBF28517-4DA3-4835-B29D-DA4B5ADA219B}.Release|iPhone.ActiveCfg = Release|Any CPU
		{DBF28517-4DA3-4835-B29D-DA4B5ADA219B}.Release|iPhone.Build.0 = Release|Any CPU
		{DBF28517-4DA3-4835-B29D-DA4B5ADA219B}.Release|iPhone.Deploy.0 = Release|Any CPU
		{DBF28517-4DA3-4835-B29D-DA4B5ADA219B}.Release|iPhoneSimulator.ActiveCfg = Release|Any CPU
		{DBF28517-4DA3-4835-B29D-DA4B5ADA219B}.Release|iPhoneSimulator.Build.0 = Release|Any CPU
		{DBF28517-4DA3-4835-B29D-DA4B5ADA219B}.Release|iPhoneSimulator.Deploy.0 = Release|Any CPU
		{DBF28517-4DA3-4835-B29D-DA4B5ADA219B}.Release|x64.ActiveCfg = Release|Any CPU
		{DBF28517-4DA3-4835-B29D-DA4B5ADA219B}.Release|x64.Build.0 = Release|Any CPU
		{DBF28517-4DA3-4835-B29D-DA4B5ADA219B}.Release|x64.Deploy.0 = Release|Any CPU
		{DBF28517-4DA3-4835-B29D-DA4B5ADA219B}.Release|x86.ActiveCfg = Release|Any CPU
		{DBF28517-4DA3-4835-B29D-DA4B5ADA219B}.Release|x86.Build.0 = Release|Any CPU
		{DBF28517-4DA3-4835-B29D-DA4B5ADA219B}.Release|x86.Deploy.0 = Release|Any CPU
	EndGlobalSection
	GlobalSection(SolutionProperties) = preSolution
		HideSolutionNode = FALSE
	EndGlobalSection
	GlobalSection(ExtensibilityGlobals) = postSolution
		SolutionGuid = {F6E2F160-BDA3-4FEC-95CF-77DA85BAE84D}
	EndGlobalSection
EndGlobal
